
Microsoft Visual Studio Solution File, Format Version 12.00
# Visual Studio Version 16
VisualStudioVersion = 16.0.33801.447
MinimumVisualStudioVersion = 10.0.40219.1
Project("{FAE04EC0-301F-11D3-BF4B-00C04F79EFBC}") = "WebApplicationLibraryManagement", "WebApplicationLibraryManagement\WebApplicationLibraryManagement.csproj", "{7787FDB9-C520-43FA-BCB3-25F79BACB076}"
EndProject
Global
	GlobalSection(SolutionConfigurationPlatforms) = preSolution
		Debug|Any CPU = Debug|Any CPU
		Release|Any CPU = Release|Any CPU
	EndGlobalSection
	GlobalSection(ProjectConfigurationPlatforms) = postSolution
		{7787FDB9-C520-43FA-BCB3-25F79BACB076}.Debug|Any CPU.ActiveCfg = Debug|Any CPU
		{7787FDB9-C520-43FA-BCB3-25F79BACB076}.Debug|Any CPU.Build.0 = Debug|Any CPU
		{7787FDB9-C520-43FA-BCB3-25F79BACB076}.Release|Any CPU.ActiveCfg = Release|Any CPU
		{7787FDB9-C520-43FA-BCB3-25F79BACB076}.Release|Any CPU.Build.0 = Release|Any CPU
	EndGlobalSection
	GlobalSection(SolutionProperties) = preSolution
		HideSolutionNode = FALSE
	EndGlobalSection
	GlobalSection(ExtensibilityGlobals) = postSolution
		SolutionGuid = {B395D931-E569-44A6-8666-AE463F38C490}
	EndGlobalSection
EndGlobal
